
Microsoft Visual Studio Solution File, Format Version 12.00
# Visual Studio Version 17
VisualStudioVersion = 17.7.34202.233
MinimumVisualStudioVersion = 10.0.40219.1
Project("{FAE04EC0-301F-11D3-BF4B-00C04F79EFBC}") = "CestaLoja", "CestaLoja\CestaLoja.csproj", "{30B97F79-FE3D-47E2-A932-E3EEDC521A43}"
EndProject
Global
	GlobalSection(SolutionConfigurationPlatforms) = preSolution
		Debug|Any CPU = Debug|Any CPU
		Release|Any CPU = Release|Any CPU
	EndGlobalSection
	GlobalSection(ProjectConfigurationPlatforms) = postSolution
		{30B97F79-FE3D-47E2-A932-E3EEDC521A43}.Debug|Any CPU.ActiveCfg = Debug|Any CPU
		{30B97F79-FE3D-47E2-A932-E3EEDC521A43}.Debug|Any CPU.Build.0 = Debug|Any CPU
		{30B97F79-FE3D-47E2-A932-E3EEDC521A43}.Release|Any CPU.ActiveCfg = Release|Any CPU
		{30B97F79-FE3D-47E2-A932-E3EEDC521A43}.Release|Any CPU.Build.0 = Release|Any CPU
	EndGlobalSection
	GlobalSection(SolutionProperties) = preSolution
		HideSolutionNode = FALSE
	EndGlobalSection
	GlobalSection(ExtensibilityGlobals) = postSolution
		SolutionGuid = {59C5368A-71BD-47B6-9967-56807F10E6FF}
	EndGlobalSection
EndGlobal
